{
  "name": "express-app-setup",
  "version": "0.0.0",
  "lockfileVersion": 1,
  "requires": true,
  "dependencies": {
    "workerpool": {
      "version": "6.0.2",
      "resolved": "https://registry.npmjs.org/workerpool/-/workerpool-6.0.2.tgz",
      "integrity": "sha512-DSNyvOpFKrNusaaUwk+ej6cBj1bmhLcBfj80elGk+ZIo5JSkq+unB1dLKEOcNfJDZgjGICfhQ0Q5TbP0PvF4+Q=="
    }
  }
}
